{
    "_meta": {
        "hash": {
            "sha256": "95a993985181667caa65980d59ad1566c295137acb462410de8f5cc4d3de4869"
        },
        "pipfile-spec": 6,
        "requires": {
            "python_version": "3.9"
        },
        "sources": [
            {
                "name": "pypi",
                "url": "https://pypi.org/simple",
                "verify_ssl": true
            }
        ]
    },
    "default": {
        "typing": {
            "hashes": [
                "sha256:1187fb9c82fd670d10aa07bbb6cfcfe4bdda42d6fab8d5134f04e8c4d0b71cc9",
                "sha256:283d868f5071ab9ad873e5e52268d611e851c870a2ba354193026f2dfb29d8b5"
            ],
            "index": "pypi",
            "version": "==3.7.4.3"
        }
    },
    "develop": {
        "attrs": {
            "hashes": [
                "sha256:29e95c7f6778868dbd49170f98f8818f78f3dc5e0e37c0b1f474e3561b240836",
                "sha256:c9227bfc2f01993c03f68db37d1d15c9690188323c067c641f1a35ca58185f99"
            ],
            "markers": "python_version >= '3.6'",
            "version": "==22.2.0"
        },
        "duckdb": {
            "hashes": [
                "sha256:066885e1883464ce3b7d1fd844f9431227dcffe1ee39bfd2a05cd6d53f304557",
                "sha256:0bd89f388205b6c99b62650169efe9a02933555ee1d46ddf79fbd0fb9e62652b",
                "sha256:1247cc11bac17f2585d11681329806c86295e32242f84a10a604665e697d5c81",
                "sha256:193b896eed44d8751a755ccf002a137630020af0bc3505affa21bf19fdc90df3",
                "sha256:1e78c7f59325e99f0b3d9fe7c2bad4aaadf42d2c7711925cc26331d7647a91b2",
                "sha256:278edb8c912d836b3b77fd1695887e1dbd736137c3912478af3608c9d7307bb0",
                "sha256:289a5f65213e66d320ebcd51a94787e7097b9d1c3492d01a121a2c809812bf19",
                "sha256:2e56b0329c38c0356b40449917bab6fce6ac27d356257b9a9da613d2a0f064e0",
                "sha256:32a268508c6d7fdc99d5442736051de74c28a5166c4cc3dcbbf35d383299b941",
                "sha256:36aae9a923c9f78da1cf3fcf75873f62d32ea017d4cef7c706d16d3eca527ca2",
                "sha256:3e0170be6cc315c179169dfa3e06485ef7009ef8ce399cd2908f29105ef2c67b",
                "sha256:3fe3f3dbd62b76a773144eef31aa29794578c359da932e77fef04516535318ca",
                "sha256:53e3db1bc0f445ee48b23cde47bfba08c7fa5a69976c740ec8cdf89543d2405d",
                "sha256:54606dfd24d7181d3098030ca6858f6be52f3ccbf42fff05f7587f2d9cdf4343",
                "sha256:578c269d7aa27184e8d45421694f89deda3f41fe6bd2a8ce48b262b9fc975326",
                "sha256:5d986b5ad1307b069309f9707c0c5051323e29865aefa059eb6c3b22dc9751b6",
                "sha256:5fd08c97c3e8cb5bec3822cf78b966b489213dcaab24b25c05a99f7caf8db467",
                "sha256:5feaff16a012075b49dfa09d4cb24455938d6b0e06b08e1404ec00089119dba2",
                "sha256:604b8b476d6cc6bf91625d8c2722ef9c50c402b3d64bc518c838d6c279e6d93b",
                "sha256:630e0122a02f19bb1fafae00786350b2c31ae8422fce97c827bd3686e7c386af",
                "sha256:6360d41023e726646507d5479ba60960989a09f04527b36abeef3643c61d8c48",
                "sha256:6730f03b5b78f3943b752c90bdf37b62ae3ac52302282a942cc675825b4a8dc9",
                "sha256:6a3f3315e2b553db3463f07324f62dfebaf3b97656a87558e59e2f1f816eaf15",
                "sha256:6a611f598226fd634b7190f509cc6dd668132ffe436b0a6b43847b4b32b99e4a",
                "sha256:6b91ec3544ee4dc9e6abbdf2669475d5adedaaea51987c67acf161673e6b7443",
                "sha256:72fceb06f5bf24ad6bb5974c60d397a7a7e61b3d847507a22276de076f3392e2",
                "sha256:766e6390f7ace7f1e322085c2ca5d0ad94767bde78a38d168253d2b0b4d5cd5c",
                "sha256:7da132ee452c80a3784b8daffd86429fa698e1b0e3ecb84660db96d36c27ad55",
                "sha256:8085ad58c9b5854ee3820804fa1797e6b3134429c1506c3faab3cb96e71b07e9",
                "sha256:90794406fa2111414877ee9db154fef940911f3920c312c1cf69947621737c8d",
                "sha256:9b9ca2d294725e523ce207bc37f28787478ae6f7a223e2cf3a213a2d498596c3",
                "sha256:9cb956f94fa55c4782352dac7cc7572a58312bd7ce97332bb14591d6059f0ea4",
                "sha256:a7db6da0366b239ea1e4541fcc19556b286872f5015c9a54c2e347146e25a2ad",
                "sha256:a9e987565a268fd8da9f65e54621d28f39c13105b8aee34c96643074babe6d9c",
                "sha256:aaf33aeb543c7816bd915cd10141866d54f92f698e1b5712de9d8b7076da19df",
                "sha256:b09741cfa31388b8f9cdf5c5200e0995d55a5b54d2d1a75b54784e2f5c042f7f",
                "sha256:b411a0c361eab9b26dcd0d0c7a0d1bc0ad6b214068555de7e946fbdd2619961a",
                "sha256:b47c19d1f2f662a5951fc6c5f6939d0d3b96689604b529cdcffd9afdcc95bff2",
                "sha256:bb2700785cab37cd1e7a76c4547a5ab0f8a7c28ad3f3e4d02a8fae52be223090",
                "sha256:bc2a12d9f4fc8ef2fd1022d610287c9fc9972ea06b7510fc87387f1fa256a390",
                "sha256:bd9367ae650b6605ffe00412183cf0edb688a5fc9fbb03ed757e8310e7ec3b6c",
                "sha256:bf20c5ee62cbbf10b39ebdfd70d454ce914e70545c7cb6cb78cb5befef96328a",
                "sha256:c4d5217437d20d05fe23317bbc161befa1f9363f3622887cd1d2f4719b407936",
                "sha256:c7c76d8694ecdb579241ecfeaf03c51d640b984dbbe8e1d9f919089ebf3cdea6",
                "sha256:e189b558d10b58fe6ed85ce79f728e143eb4115db1e63147a44db613cd4dd0d9",
                "sha256:fe23e938d29cd8ea6953d77dc828b7f5b95a4dbc7cd7fe5bcc3531da8cec3dba",
                "sha256:feffe503c2e2a99480e1e5e15176f37796b3675e4dadad446fe7c2cc672aed3c"
            ],
            "version": "==0.7.1"
        },
        "exceptiongroup": {
            "hashes": [
                "sha256:232c37c63e4f682982c8b6459f33a8981039e5fb8756b2074364e5055c498c9e",
                "sha256:d484c3090ba2889ae2928419117447a14daf3c1231d5e30d0aae34f354f01785"
            ],
            "markers": "python_version < '3.11'",
            "version": "==1.1.1"
        },
        "iniconfig": {
            "hashes": [
                "sha256:2d91e135bf72d31a410b17c16da610a82cb55f6b0477d1a902134b24a455b8b3",
                "sha256:b6a85871a79d2e3b22d2d1b94ac2824226a63c6b741c88f7ae975f18b6778374"
            ],
            "markers": "python_version >= '3.7'",
            "version": "==2.0.0"
        },
        "numpy": {
            "hashes": [
                "sha256:003a9f530e880cb2cd177cba1af7220b9aa42def9c4afc2a2fc3ee6be7eb2b22",
                "sha256:150947adbdfeceec4e5926d956a06865c1c690f2fd902efede4ca6fe2e657c3f",
                "sha256:2620e8592136e073bd12ee4536149380695fbe9ebeae845b81237f986479ffc9",
                "sha256:2eabd64ddb96a1239791da78fa5f4e1693ae2dadc82a76bc76a14cbb2b966e96",
                "sha256:4173bde9fa2a005c2c6e2ea8ac1618e2ed2c1c6ec8a7657237854d42094123a0",
                "sha256:4199e7cfc307a778f72d293372736223e39ec9ac096ff0a2e64853b866a8e18a",
                "sha256:4cecaed30dc14123020f77b03601559fff3e6cd0c048f8b5289f4eeabb0eb281",
                "sha256:557d42778a6869c2162deb40ad82612645e21d79e11c1dc62c6e82a2220ffb04",
                "sha256:63e45511ee4d9d976637d11e6c9864eae50e12dc9598f531c035265991910468",
                "sha256:6524630f71631be2dabe0c541e7675db82651eb998496bbe16bc4f77f0772253",
                "sha256:76807b4063f0002c8532cfeac47a3068a69561e9c8715efdad3c642eb27c0756",
                "sha256:7de8fdde0003f4294655aa5d5f0a89c26b9f22c0a58790c38fae1ed392d44a5a",
                "sha256:889b2cc88b837d86eda1b17008ebeb679d82875022200c6e8e4ce6cf549b7acb",
                "sha256:92011118955724465fb6853def593cf397b4a1367495e0b59a7e69d40c4eb71d",
                "sha256:97cf27e51fa078078c649a51d7ade3c92d9e709ba2bfb97493007103c741f1d0",
                "sha256:9a23f8440561a633204a67fb44617ce2a299beecf3295f0d13c495518908e910",
                "sha256:a51725a815a6188c662fb66fb32077709a9ca38053f0274640293a14fdd22978",
                "sha256:a77d3e1163a7770164404607b7ba3967fb49b24782a6ef85d9b5f54126cc39e5",
                "sha256:adbdce121896fd3a17a77ab0b0b5eedf05a9834a18699db6829a64e1dfccca7f",
                "sha256:c29e6bd0ec49a44d7690ecb623a8eac5ab8a923bce0bea6293953992edf3a76a",
                "sha256:c72a6b2f4af1adfe193f7beb91ddf708ff867a3f977ef2ec53c0ffb8283ab9f5",
                "sha256:d0a2db9d20117bf523dde15858398e7c0858aadca7c0f088ac0d6edd360e9ad2",
                "sha256:e3ab5d32784e843fc0dd3ab6dcafc67ef806e6b6828dc6af2f689be0eb4d781d",
                "sha256:e428c4fbfa085f947b536706a2fc349245d7baa8334f0c5723c56a10595f9b95",
                "sha256:e8d2859428712785e8a8b7d2b3ef0a1d1565892367b32f915c4a4df44d0e64f5",
                "sha256:eef70b4fc1e872ebddc38cddacc87c19a3709c0e3e5d20bf3954c147b1dd941d",
                "sha256:f64bb98ac59b3ea3bf74b02f13836eb2e24e48e0ab0145bbda646295769bd780",
                "sha256:f9006288bcf4895917d02583cf3411f98631275bc67cce355a7f39f8c14338fa"
            ],
            "markers": "python_version >= '3.8'",
            "version": "==1.24.2"
        },
        "packaging": {
            "hashes": [
                "sha256:714ac14496c3e68c99c29b00845f7a2b85f3bb6f1078fd9f72fd20f0570002b2",
                "sha256:b6ad297f8907de0fa2fe1ccbd26fdaf387f5f47c7275fedf8cce89f99446cf97"
            ],
            "markers": "python_version >= '3.7'",
            "version": "==23.0"
        },
        "pandas": {
            "hashes": [
                "sha256:14e45300521902689a81f3f41386dc86f19b8ba8dd5ac5a3c7010ef8d2932813",
                "sha256:26d9c71772c7afb9d5046e6e9cf42d83dd147b5cf5bcb9d97252077118543792",
                "sha256:3749077d86e3a2f0ed51367f30bf5b82e131cc0f14260c4d3e499186fccc4406",
                "sha256:41179ce559943d83a9b4bbacb736b04c928b095b5f25dd2b7389eda08f46f373",
                "sha256:478ff646ca42b20376e4ed3fa2e8d7341e8a63105586efe54fa2508ee087f328",
                "sha256:50869a35cbb0f2e0cd5ec04b191e7b12ed688874bd05dd777c19b28cbea90996",
                "sha256:565fa34a5434d38e9d250af3c12ff931abaf88050551d9fbcdfafca50d62babf",
                "sha256:5f2b952406a1588ad4cad5b3f55f520e82e902388a6d5a4a91baa8d38d23c7f6",
                "sha256:5fbcb19d6fceb9e946b3e23258757c7b225ba450990d9ed63ccceeb8cae609f7",
                "sha256:6973549c01ca91ec96199e940495219c887ea815b2083722821f1d7abfa2b4dc",
                "sha256:74a3fd7e5a7ec052f183273dc7b0acd3a863edf7520f5d3a1765c04ffdb3b0b1",
                "sha256:7a0a56cef15fd1586726dace5616db75ebcfec9179a3a55e78f72c5639fa2a23",
                "sha256:7cec0bee9f294e5de5bbfc14d0573f65526071029d036b753ee6507d2a21480a",
                "sha256:87bd9c03da1ac870a6d2c8902a0e1fd4267ca00f13bc494c9e5a9020920e1d51",
                "sha256:972d8a45395f2a2d26733eb8d0f629b2f90bebe8e8eddbb8829b180c09639572",
                "sha256:9842b6f4b8479e41968eced654487258ed81df7d1c9b7b870ceea24ed9459b31",
                "sha256:9f69c4029613de47816b1bb30ff5ac778686688751a5e9c99ad8c7031f6508e5",
                "sha256:a50d9a4336a9621cab7b8eb3fb11adb82de58f9b91d84c2cd526576b881a0c5a",
                "sha256:bc4c368f42b551bf72fac35c5128963a171b40dce866fb066540eeaf46faa003",
                "sha256:c39a8da13cede5adcd3be1182883aea1c925476f4e84b2807a46e2775306305d",
                "sha256:c3ac844a0fe00bfaeb2c9b51ab1424e5c8744f89860b138434a363b1f620f354",
                "sha256:c4c00e0b0597c8e4f59e8d461f797e5d70b4d025880516a8261b2817c47759ee",
                "sha256:c74a62747864ed568f5a82a49a23a8d7fe171d0c69038b38cedf0976831296fa",
                "sha256:dd05f7783b3274aa206a1af06f0ceed3f9b412cf665b7247eacd83be41cf7bf0",
                "sha256:dfd681c5dc216037e0b0a2c821f5ed99ba9f03ebcf119c7dac0e9a7b960b9ec9",
                "sha256:e474390e60ed609cec869b0da796ad94f420bb057d86784191eefc62b65819ae",
                "sha256:f76d097d12c82a535fda9dfe5e8dd4127952b45fea9b0276cb30cca5ea313fbc"
            ],
            "markers": "python_version >= '3.8'",
            "version": "==1.5.3"
        },
        "pluggy": {
            "hashes": [
                "sha256:4224373bacce55f955a878bf9cfa763c1e360858e330072059e10bad68531159",
                "sha256:74134bbf457f031a36d68416e1509f34bd5ccc019f0bcc952c7b909d06b37bd3"
            ],
            "markers": "python_version >= '3.6'",
            "version": "==1.0.0"
        },
        "pyarrow": {
            "hashes": [
                "sha256:1cbcfcbb0e74b4d94f0b7dde447b835a01bc1d16510edb8bb7d6224b9bf5bafc",
                "sha256:25aa11c443b934078bfd60ed63e4e2d42461682b5ac10f67275ea21e60e6042c",
                "sha256:2d53ba72917fdb71e3584ffc23ee4fcc487218f8ff29dd6df3a34c5c48fe8c06",
                "sha256:2d942c690ff24a08b07cb3df818f542a90e4d359381fbff71b8f2aea5bf58841",
                "sha256:2f51dc7ca940fdf17893227edb46b6784d37522ce08d21afc56466898cb213b2",
                "sha256:362a7c881b32dc6b0eccf83411a97acba2774c10edcec715ccaab5ebf3bb0835",
                "sha256:3e99be85973592051e46412accea31828da324531a060bd4585046a74ba45854",
                "sha256:40bb42afa1053c35c749befbe72f6429b7b5f45710e85059cdd534553ebcf4f2",
                "sha256:410624da0708c37e6a27eba321a72f29d277091c8f8d23f72c92bada4092eb5e",
                "sha256:41a1451dd895c0b2964b83d91019e46f15b5564c7ecd5dcb812dadd3f05acc97",
                "sha256:5461c57dbdb211a632a48facb9b39bbeb8a7905ec95d768078525283caef5f6d",
                "sha256:69309be84dcc36422574d19c7d3a30a7ea43804f12552356d1ab2a82a713c418",
                "sha256:7c28b5f248e08dea3b3e0c828b91945f431f4202f1a9fe84d1012a761324e1ba",
                "sha256:8f40be0d7381112a398b93c45a7e69f60261e7b0269cc324e9f739ce272f4f70",
                "sha256:a37bc81f6c9435da3c9c1e767324ac3064ffbe110c4e460660c43e144be4ed85",
                "sha256:aaee8f79d2a120bf3e032d6d64ad20b3af6f56241b0ffc38d201aebfee879d00",
                "sha256:ad42bb24fc44c48f74f0d8c72a9af16ba9a01a2ccda5739a517aa860fa7e3d56",
                "sha256:ad7c53def8dbbc810282ad308cc46a523ec81e653e60a91c609c2233ae407689",
                "sha256:becc2344be80e5dce4e1b80b7c650d2fc2061b9eb339045035a1baa34d5b8f1c",
                "sha256:caad867121f182d0d3e1a0d36f197df604655d0b466f1bc9bafa903aa95083e4",
                "sha256:ccbf29a0dadfcdd97632b4f7cca20a966bb552853ba254e874c66934931b9841",
                "sha256:da93340fbf6f4e2a62815064383605b7ffa3e9eeb320ec839995b1660d69f89b",
                "sha256:e217d001e6389b20a6759392a5ec49d670757af80101ee6b5f2c8ff0172e02ca",
                "sha256:f010ce497ca1b0f17a8243df3048055c0d18dcadbcc70895d5baf8921f753de5",
                "sha256:f12932e5a6feb5c58192209af1d2607d488cb1d404fbc038ac12ada60327fa34"
            ],
            "markers": "python_version >= '3.7'",
            "version": "==11.0.0"
        },
        "pylance": {
            "hashes": [
                "sha256:7ebd8664bc2c51e8603a8b39c79d71f3f9befe3ed159fdd2de49dcbacaa63f13",
                "sha256:a32b0622e4d63b5fa721de4004931ebc50d0cb2e904b7253b9d2a5c3f0b74ce8",
                "sha256:d326b8c338d450509dd9824c5787f5e520013e421011bdec3c406fd73a3a7fc8",
                "sha256:dfd7047d5dffbdf3e66c51ad8f706f1b421133eb9081e27dc400ae89c82caec3"
            ],
            "index": "pypi",
            "version": "==0.4.0"
        },
        "pytest": {
            "hashes": [
                "sha256:130328f552dcfac0b1cec75c12e3f005619dc5f874f0a06e8ff7263f0ee6225e",
                "sha256:c99ab0c73aceb050f68929bc93af19ab6db0558791c6a0715723abe9d0ade9d4"
            ],
            "index": "pypi",
            "version": "==7.2.2"
        },
        "python-dateutil": {
            "hashes": [
                "sha256:0123cacc1627ae19ddf3c27a5de5bd67ee4586fbdd6440d9748f8abb483d3e86",
                "sha256:961d03dc3453ebbc59dbdea9e4e11c5651520a876d0f4db161e8674aae935da9"
            ],
            "markers": "python_version >= '2.7' and python_version not in '3.0, 3.1, 3.2, 3.3'",
            "version": "==2.8.2"
        },
        "pytz": {
            "hashes": [
                "sha256:1d8ce29db189191fb55338ee6d0387d82ab59f3d00eac103412d64e0ebd0c588",
                "sha256:a151b3abb88eda1d4e34a9814df37de2a80e301e68ba0fd856fb9b46bfbbbffb"
            ],
            "version": "==2023.3"
        },
        "six": {
            "hashes": [
                "sha256:1e61c37477a1626458e36f7b1d82aa5c9b094fa4802892072e49de9c60c4c926",
                "sha256:8abb2f1d86890a2dfb989f9a77cfcfd3e47c2a354b01111771326f8aa26e0254"
            ],
            "markers": "python_version >= '2.7' and python_version not in '3.0, 3.1, 3.2, 3.3'",
            "version": "==1.16.0"
        },
        "tomli": {
            "hashes": [
                "sha256:939de3e7a6161af0c887ef91b7d41a53e7c5a1ca976325f429cb46ea9bc30ecc",
                "sha256:de526c12914f0c550d15924c62d72abc48d6fe7364aa87328337a31007fe8a4f"
            ],
            "markers": "python_version < '3.11'",
            "version": "==2.0.1"
        }
    }
}
